
Microsoft Visual Studio Solution File, Format Version 12.00
# Visual Studio Version 17
VisualStudioVersion = 17.9.34607.119
MinimumVisualStudioVersion = 10.0.40219.1
Project("{FAE04EC0-301F-11D3-BF4B-00C04F79EFBC}") = "testeapi", "testeapi\testeapi.csproj", "{98EF6F9A-1339-464D-8506-E1677CCB24A0}"
EndProject
Global
	GlobalSection(SolutionConfigurationPlatforms) = preSolution
		Debug|Any CPU = Debug|Any CPU
		Release|Any CPU = Release|Any CPU
	EndGlobalSection
	GlobalSection(ProjectConfigurationPlatforms) = postSolution
		{98EF6F9A-1339-464D-8506-E1677CCB24A0}.Debug|Any CPU.ActiveCfg = Debug|Any CPU
		{98EF6F9A-1339-464D-8506-E1677CCB24A0}.Debug|Any CPU.Build.0 = Debug|Any CPU
		{98EF6F9A-1339-464D-8506-E1677CCB24A0}.Release|Any CPU.ActiveCfg = Release|Any CPU
		{98EF6F9A-1339-464D-8506-E1677CCB24A0}.Release|Any CPU.Build.0 = Release|Any CPU
	EndGlobalSection
	GlobalSection(SolutionProperties) = preSolution
		HideSolutionNode = FALSE
	EndGlobalSection
	GlobalSection(ExtensibilityGlobals) = postSolution
		SolutionGuid = {A4B39BE2-A411-4439-AC2C-676788E69AE4}
	EndGlobalSection
EndGlobal
